github.com/PGo-Projects/output v0.0.0-20181030161838-eb5f9fd060a4 h1:Mxz1xpGy39ki7vcVPtChtGHd8TCPOCREYFqTaTbMj2c=
github.com/PGo-Projects/output v0.0.0-20181030161838-eb5f9fd060a4/go.mod h1:sFKzl/RKdoOKcqPo9SWoLHacqsnd4oe9dcvYtinV69Q=
github.com/buger/goterm v0.0.0-20180423150900-6d19e6a8df12 h1:aZVdiV35VTHoMJnL2GcJFxuedXBJUJx5YRw1sif1XN4=
github.com/buger/goterm v0.0.0-20180423150900-6d19e6a8df12/go.mod h1:u9UyCz2eTrSGy6fbupqJ54eY5c4IC8gREQ1053dK12U=
github.com/buger/goterm v0.0.0-20181115115552-c206103e1f37 h1:uxxtrnACqI9zK4ENDMf0WpXfUsHP5V8liuq5QdgDISU=
github.com/buger/goterm v0.0.0-20181115115552-c206103e1f37/go.mod h1:u9UyCz2eTrSGy6fbupqJ54eY5c4IC8gREQ1053dK12U=
github.com/inconshreveable/mousetrap v1.0.0 h1:Z8tu5sraLXCXIcARxBp/8cbvlwVa7Z1NHg9XEKhtSvM=
github.com/inconshreveable/mousetrap v1.0.0/go.mod h1:PxqpIevigyE2G7u3NXJIT2ANytuPF1OarO4DADm73n8=
github.com/mitchellh/go-homedir v1.1.0 h1:lukF9ziXFxDFPkA1vsr5zpc1XuPDn/wFntq5mG+4E0Y=
github.com/mitchellh/go-homedir v1.1.0/go.mod h1:SfyaCUpYCn1Vlf4IUYiD9fPX4A5wJrkLzIz1N1q0pr0=
github.com/pake-go/pake-lib v0.0.0-20190203045417-b9faaa9a7624 h1:eUvVRonXChwBNE7A+ZInJoGiWZqAxdxhDWRISIwQzbI=
github.com/pake-go/pake-lib v0.0.0-20190203045417-b9faaa9a7624/go.mod h1:zah1477+hde7TOSfkqCKpJQ03r5D8/d5McTZV5NdH64=
github.com/pake-go/pake-lib v0.0.0-20190204210936-35f2a63fb9e6 h1:yqL9gW9+uEn2W2rj1yTmIoKg1VUECQo7FbZSXq+azu0=
github.com/pake-go/pake-lib v0.0.0-20190204210936-35f2a63fb9e6/go.mod h1:zah1477+hde7TOSfkqCKpJQ03r5D8/d5McTZV5NdH64=
github.com/spf13/cobra v0.0.3 h1:ZlrZ4XsMRm04Fr5pSFxBgfND2EBVa1nLpiy1stUsX/8=
github.com/spf13/cobra v0.0.3/go.mod h1:1l0Ry5zgKvJasoi3XT1TypsSe7PqH0Sj9dhYf7v3XqQ=
github.com/spf13/pflag v1.0.3 h1:zPAT6CGy6wXeQ7NtTnaTerfKOsV6V6F8agHXFiazDkg=
github.com/spf13/pflag v1.0.3/go.mod h1:DYY7MBk1bdzusC3SYhjObp+wFpr4gzcvqqNjLnInEg4=
golang.org/x/sys v0.0.0-20181030150119-7e31e0c00fa0 h1:biUuj9O+0+XckRUCDzjoOGm6yFV5c0IHbm1ODP3e4Zw=
golang.org/x/sys v0.0.0-20181030150119-7e31e0c00fa0/go.mod h1:STP8DvDyc/dI5b8T5hshtkjS+E42TnysNCUPdjciGhY=
golang.org/x/sys v0.0.0-20190204203706-41f3e6584952 h1:FDfvYgoVsA7TTZSbgiqjAbfPbK47CNHdWl3h/PJtii0=
golang.org/x/sys v0.0.0-20190204203706-41f3e6584952/go.mod h1:STP8DvDyc/dI5b8T5hshtkjS+E42TnysNCUPdjciGhY=
