github.com/PGo-Projects/output v0.0.0-20181030161838-eb5f9fd060a4 h1:Mxz1xpGy39ki7vcVPtChtGHd8TCPOCREYFqTaTbMj2c=
github.com/PGo-Projects/output v0.0.0-20181030161838-eb5f9fd060a4/go.mod h1:sFKzl/RKdoOKcqPo9SWoLHacqsnd4oe9dcvYtinV69Q=
github.com/buger/goterm v0.0.0-20180423150900-6d19e6a8df12 h1:aZVdiV35VTHoMJnL2GcJFxuedXBJUJx5YRw1sif1XN4=
github.com/buger/goterm v0.0.0-20180423150900-6d19e6a8df12/go.mod h1:u9UyCz2eTrSGy6fbupqJ54eY5c4IC8gREQ1053dK12U=
github.com/inconshreveable/mousetrap v1.0.0 h1:Z8tu5sraLXCXIcARxBp/8cbvlwVa7Z1NHg9XEKhtSvM=
github.com/inconshreveable/mousetrap v1.0.0/go.mod h1:PxqpIevigyE2G7u3NXJIT2ANytuPF1OarO4DADm73n8=
github.com/mitchellh/go-homedir v1.1.0 h1:lukF9ziXFxDFPkA1vsr5zpc1XuPDn/wFntq5mG+4E0Y=
github.com/mitchellh/go-homedir v1.1.0/go.mod h1:SfyaCUpYCn1Vlf4IUYiD9fPX4A5wJrkLzIz1N1q0pr0=
github.com/pake-go/pake-lib v0.0.0-20190203005231-2cfac157402b h1:1sBK4kC8pxBRt302xskQzCHYZDPgyKBVuxl2w9XyswQ=
github.com/pake-go/pake-lib v0.0.0-20190203005231-2cfac157402b/go.mod h1:Fycj6CBLWnTP66tO3uVJzP5tAGzlC5B3q8ue6cXlMjg=
github.com/spf13/cobra v0.0.3 h1:ZlrZ4XsMRm04Fr5pSFxBgfND2EBVa1nLpiy1stUsX/8=
github.com/spf13/cobra v0.0.3/go.mod h1:1l0Ry5zgKvJasoi3XT1TypsSe7PqH0Sj9dhYf7v3XqQ=
github.com/spf13/pflag v1.0.3 h1:zPAT6CGy6wXeQ7NtTnaTerfKOsV6V6F8agHXFiazDkg=
github.com/spf13/pflag v1.0.3/go.mod h1:DYY7MBk1bdzusC3SYhjObp+wFpr4gzcvqqNjLnInEg4=
golang.org/x/sys v0.0.0-20181030150119-7e31e0c00fa0 h1:biUuj9O+0+XckRUCDzjoOGm6yFV5c0IHbm1ODP3e4Zw=
golang.org/x/sys v0.0.0-20181030150119-7e31e0c00fa0/go.mod h1:STP8DvDyc/dI5b8T5hshtkjS+E42TnysNCUPdjciGhY=
